
Microsoft Visual Studio Solution File, Format Version 12.00
# Visual Studio Version 17
VisualStudioVersion = 17.13.35931.197 d17.13
MinimumVisualStudioVersion = 10.0.40219.1
Project("{FAE04EC0-301F-11D3-BF4B-00C04F79EFBC}") = "base-template-asp", "base-template-asp.csproj", "{07ACD18B-A9B9-4C39-84DF-3A08885E7229}"
EndProject
Global
	GlobalSection(SolutionConfigurationPlatforms) = preSolution
		Debug|Any CPU = Debug|Any CPU
		Release|Any CPU = Release|Any CPU
	EndGlobalSection
	GlobalSection(ProjectConfigurationPlatforms) = postSolution
		{07ACD18B-A9B9-4C39-84DF-3A08885E7229}.Debug|Any CPU.ActiveCfg = Debug|Any CPU
		{07ACD18B-A9B9-4C39-84DF-3A08885E7229}.Debug|Any CPU.Build.0 = Debug|Any CPU
		{07ACD18B-A9B9-4C39-84DF-3A08885E7229}.Release|Any CPU.ActiveCfg = Release|Any CPU
		{07ACD18B-A9B9-4C39-84DF-3A08885E7229}.Release|Any CPU.Build.0 = Release|Any CPU
	EndGlobalSection
	GlobalSection(SolutionProperties) = preSolution
		HideSolutionNode = FALSE
	EndGlobalSection
	GlobalSection(ExtensibilityGlobals) = postSolution
		SolutionGuid = {44D07CFB-E46F-4E11-AA9B-DBFEE366EAA8}
	EndGlobalSection
EndGlobal
